
Microsoft Visual Studio Solution File, Format Version 12.00
# Visual Studio Version 16
VisualStudioVersion = 16.0.28809.33
MinimumVisualStudioVersion = 10.0.40219.1
Project("{9A19103F-16F7-4668-BE54-9A1E7A4F7556}") = "dotnet-function", "dotnet-function.csproj", "{AAB10266-0551-4503-B06D-DB3B96E901F8}"
EndProject
Global
	GlobalSection(SolutionConfigurationPlatforms) = preSolution
		Debug|Any CPU = Debug|Any CPU
		Release|Any CPU = Release|Any CPU
	EndGlobalSection
	GlobalSection(ProjectConfigurationPlatforms) = postSolution
		{AAB10266-0551-4503-B06D-DB3B96E901F8}.Debug|Any CPU.ActiveCfg = Debug|Any CPU
		{AAB10266-0551-4503-B06D-DB3B96E901F8}.Debug|Any CPU.Build.0 = Debug|Any CPU
		{AAB10266-0551-4503-B06D-DB3B96E901F8}.Release|Any CPU.ActiveCfg = Release|Any CPU
		{AAB10266-0551-4503-B06D-DB3B96E901F8}.Release|Any CPU.Build.0 = Release|Any CPU
	EndGlobalSection
	GlobalSection(SolutionProperties) = preSolution
		HideSolutionNode = FALSE
	EndGlobalSection
	GlobalSection(ExtensibilityGlobals) = postSolution
		SolutionGuid = {76F43117-3387-4F4A-B4D7-8505E0BC02AA}
	EndGlobalSection
EndGlobal
